
Microsoft Visual Studio Solution File, Format Version 12.00
# Visual Studio Version 17
VisualStudioVersion = 17.6.33815.320
MinimumVisualStudioVersion = 10.0.40219.1
Project("{FAE04EC0-301F-11D3-BF4B-00C04F79EFBC}") = "C#_HW_modul_02_Массивы_и_Строки(Задание 2.3.4)", "C#_HW_modul_02_Массивы_и_Строки(Задание 2.3.4)\C#_HW_modul_02_Массивы_и_Строки(Задание 2.3.4).csproj", "{FC69378B-CECC-45CD-8D2F-E5B105409826}"
EndProject
Global
	GlobalSection(SolutionConfigurationPlatforms) = preSolution
		Debug|Any CPU = Debug|Any CPU
		Release|Any CPU = Release|Any CPU
	EndGlobalSection
	GlobalSection(ProjectConfigurationPlatforms) = postSolution
		{FC69378B-CECC-45CD-8D2F-E5B105409826}.Debug|Any CPU.ActiveCfg = Debug|Any CPU
		{FC69378B-CECC-45CD-8D2F-E5B105409826}.Debug|Any CPU.Build.0 = Debug|Any CPU
		{FC69378B-CECC-45CD-8D2F-E5B105409826}.Release|Any CPU.ActiveCfg = Release|Any CPU
		{FC69378B-CECC-45CD-8D2F-E5B105409826}.Release|Any CPU.Build.0 = Release|Any CPU
	EndGlobalSection
	GlobalSection(SolutionProperties) = preSolution
		HideSolutionNode = FALSE
	EndGlobalSection
	GlobalSection(ExtensibilityGlobals) = postSolution
		SolutionGuid = {E4AA1417-66D4-4A58-BB1A-952BDFD76A78}
	EndGlobalSection
EndGlobal
